{
  "name": "opendeck-factory",
  "version": "2.0.0",
  "lockfileVersion": 3,
  "requires": true,
  "packages": {
    "": {
      "name": "opendeck-factory",
      "version": "2.0.0",
      "license": "Apache-2.0",
      "dependencies": {
        "adm-zip": "^0.5.17"
      }
    },
    "node_modules/adm-zip": {
      "version": "0.5.17",
      "resolved": "https://registry.npmjs.org/adm-zip/-/adm-zip-0.5.17.tgz",
      "integrity": "sha512-+Ut8d9LLqwEvHHJl1+PIHqoyDxFgVN847JTVM3Izi3xHDWPE4UtzzXysMZQs64DMcrJfBeS/uoEP4AD3HQHnQQ==",
      "engines": {
        "node": ">=12.0"
      }
    }
  }
}
